
Microsoft Visual Studio Solution File, Format Version 12.00
# Visual Studio Version 17
VisualStudioVersion = 17.8.34330.188
MinimumVisualStudioVersion = 10.0.40219.1
Project("{FAE04EC0-301F-11D3-BF4B-00C04F79EFBC}") = "Calculator-App", "CS-Learning2\Calculator-App.csproj", "{0DDDFDC4-329E-4CD8-BB75-D7A8D321BA89}"
EndProject
Global
	GlobalSection(SolutionConfigurationPlatforms) = preSolution
		Debug|Any CPU = Debug|Any CPU
		Release|Any CPU = Release|Any CPU
	EndGlobalSection
	GlobalSection(ProjectConfigurationPlatforms) = postSolution
		{0DDDFDC4-329E-4CD8-BB75-D7A8D321BA89}.Debug|Any CPU.ActiveCfg = Debug|Any CPU
		{0DDDFDC4-329E-4CD8-BB75-D7A8D321BA89}.Debug|Any CPU.Build.0 = Debug|Any CPU
		{0DDDFDC4-329E-4CD8-BB75-D7A8D321BA89}.Release|Any CPU.ActiveCfg = Release|Any CPU
		{0DDDFDC4-329E-4CD8-BB75-D7A8D321BA89}.Release|Any CPU.Build.0 = Release|Any CPU
	EndGlobalSection
	GlobalSection(SolutionProperties) = preSolution
		HideSolutionNode = FALSE
	EndGlobalSection
	GlobalSection(ExtensibilityGlobals) = postSolution
		SolutionGuid = {EE05181B-7C20-447C-8077-3BBE5FC05914}
	EndGlobalSection
EndGlobal
